
Microsoft Visual Studio Solution File, Format Version 12.00
# Visual Studio Version 18
VisualStudioVersion = 18.3.11222.16
MinimumVisualStudioVersion = 10.0.40219.1
Project("{2150E333-8FDC-42A3-9474-1A3956D46DE8}") = "Элементы решения", "Элементы решения", "{754FC069-D67B-A9D7-50A1-8D1CA196D8F1}"
	ProjectSection(SolutionItems) = preProject
		docker-compose.yml = docker-compose.yml
	EndProjectSection
EndProject
Project("{FAE04EC0-301F-11D3-BF4B-00C04F79EFBC}") = "CatalogService", "src\CatalogService\CatalogService.csproj", "{0FEFC3CE-5F7F-9549-B594-5C76A1B3CCA1}"
EndProject
Project("{FAE04EC0-301F-11D3-BF4B-00C04F79EFBC}") = "DeliveryService", "src\DeliveryService\DeliveryService.csproj", "{BF234698-D7A1-B308-12FB-B42778905138}"
EndProject
Project("{FAE04EC0-301F-11D3-BF4B-00C04F79EFBC}") = "OrderService", "src\OrderService\OrderService.csproj", "{6BCC5D4C-DCFD-F350-0302-6CEEC93FCB6D}"
EndProject
Project("{FAE04EC0-301F-11D3-BF4B-00C04F79EFBC}") = "UserService", "src\UserService\UserService.csproj", "{F8832160-6E8A-C1E0-17C8-08A5783EBD52}"
EndProject
Project("{2150E333-8FDC-42A3-9474-1A3956D46DE8}") = "src", "src", "{36D591C7-65C7-A0D1-1CBC-10CDE441BDC8}"
EndProject
Project("{2150E333-8FDC-42A3-9474-1A3956D46DE8}") = "Новая папка1", "Новая папка1", "{FE24A48E-2CF7-48B1-8AA4-3E25BD1F12EC}"
EndProject
Project("{FAE04EC0-301F-11D3-BF4B-00C04F79EFBC}") = "EmailService", "src\EmailService\EmailService.csproj", "{76FE9AEC-9743-8C8B-F151-642772C855A8}"
EndProject
Project("{FAE04EC0-301F-11D3-BF4B-00C04F79EFBC}") = "EventBus", "src\EventBus\EventBus.csproj", "{260B8A6C-8088-DD10-DF70-7A0F3CBBDE6D}"
EndProject
Project("{2150E333-8FDC-42A3-9474-1A3956D46DE8}") = "tests", "tests", "{0C2A5C47-C95B-4183-A270-2D4A1ADAA9B1}"
EndProject
Project("{FAE04EC0-301F-11D3-BF4B-00C04F79EFBC}") = "CatalogServiceTEST", "tests\CatalogServiceTEST\CatalogServiceTEST.csproj", "{ABBF5462-2DD9-6EEA-3B9D-410A1D8734E1}"
EndProject
Project("{FAE04EC0-301F-11D3-BF4B-00C04F79EFBC}") = "UserServiceUnitTest", "tests\UserServiceUnitTest\UserServiceUnitTest.csproj", "{2D36E41A-7F3A-9482-5FDA-C9E263B13E13}"
EndProject
Global
	GlobalSection(SolutionConfigurationPlatforms) = preSolution
		Debug|Any CPU = Debug|Any CPU
		Release|Any CPU = Release|Any CPU
	EndGlobalSection
	GlobalSection(ProjectConfigurationPlatforms) = postSolution
		{0FEFC3CE-5F7F-9549-B594-5C76A1B3CCA1}.Debug|Any CPU.ActiveCfg = Debug|Any CPU
		{0FEFC3CE-5F7F-9549-B594-5C76A1B3CCA1}.Debug|Any CPU.Build.0 = Debug|Any CPU
		{0FEFC3CE-5F7F-9549-B594-5C76A1B3CCA1}.Release|Any CPU.ActiveCfg = Release|Any CPU
		{0FEFC3CE-5F7F-9549-B594-5C76A1B3CCA1}.Release|Any CPU.Build.0 = Release|Any CPU
		{BF234698-D7A1-B308-12FB-B42778905138}.Debug|Any CPU.ActiveCfg = Debug|Any CPU
		{BF234698-D7A1-B308-12FB-B42778905138}.Debug|Any CPU.Build.0 = Debug|Any CPU
		{BF234698-D7A1-B308-12FB-B42778905138}.Release|Any CPU.ActiveCfg = Release|Any CPU
		{BF234698-D7A1-B308-12FB-B42778905138}.Release|Any CPU.Build.0 = Release|Any CPU
		{6BCC5D4C-DCFD-F350-0302-6CEEC93FCB6D}.Debug|Any CPU.ActiveCfg = Debug|Any CPU
		{6BCC5D4C-DCFD-F350-0302-6CEEC93FCB6D}.Debug|Any CPU.Build.0 = Debug|Any CPU
		{6BCC5D4C-DCFD-F350-0302-6CEEC93FCB6D}.Release|Any CPU.ActiveCfg = Release|Any CPU
		{6BCC5D4C-DCFD-F350-0302-6CEEC93FCB6D}.Release|Any CPU.Build.0 = Release|Any CPU
		{F8832160-6E8A-C1E0-17C8-08A5783EBD52}.Debug|Any CPU.ActiveCfg = Debug|Any CPU
		{F8832160-6E8A-C1E0-17C8-08A5783EBD52}.Debug|Any CPU.Build.0 = Debug|Any CPU
		{F8832160-6E8A-C1E0-17C8-08A5783EBD52}.Release|Any CPU.ActiveCfg = Release|Any CPU
		{F8832160-6E8A-C1E0-17C8-08A5783EBD52}.Release|Any CPU.Build.0 = Release|Any CPU
		{76FE9AEC-9743-8C8B-F151-642772C855A8}.Debug|Any CPU.ActiveCfg = Debug|Any CPU
		{76FE9AEC-9743-8C8B-F151-642772C855A8}.Debug|Any CPU.Build.0 = Debug|Any CPU
		{76FE9AEC-9743-8C8B-F151-642772C855A8}.Release|Any CPU.ActiveCfg = Release|Any CPU
		{76FE9AEC-9743-8C8B-F151-642772C855A8}.Release|Any CPU.Build.0 = Release|Any CPU
		{260B8A6C-8088-DD10-DF70-7A0F3CBBDE6D}.Debug|Any CPU.ActiveCfg = Debug|Any CPU
		{260B8A6C-8088-DD10-DF70-7A0F3CBBDE6D}.Debug|Any CPU.Build.0 = Debug|Any CPU
		{260B8A6C-8088-DD10-DF70-7A0F3CBBDE6D}.Release|Any CPU.ActiveCfg = Release|Any CPU
		{260B8A6C-8088-DD10-DF70-7A0F3CBBDE6D}.Release|Any CPU.Build.0 = Release|Any CPU
		{ABBF5462-2DD9-6EEA-3B9D-410A1D8734E1}.Debug|Any CPU.ActiveCfg = Debug|Any CPU
		{ABBF5462-2DD9-6EEA-3B9D-410A1D8734E1}.Debug|Any CPU.Build.0 = Debug|Any CPU
		{ABBF5462-2DD9-6EEA-3B9D-410A1D8734E1}.Release|Any CPU.ActiveCfg = Release|Any CPU
		{ABBF5462-2DD9-6EEA-3B9D-410A1D8734E1}.Release|Any CPU.Build.0 = Release|Any CPU
		{2D36E41A-7F3A-9482-5FDA-C9E263B13E13}.Debug|Any CPU.ActiveCfg = Debug|Any CPU
		{2D36E41A-7F3A-9482-5FDA-C9E263B13E13}.Debug|Any CPU.Build.0 = Debug|Any CPU
		{2D36E41A-7F3A-9482-5FDA-C9E263B13E13}.Release|Any CPU.ActiveCfg = Release|Any CPU
		{2D36E41A-7F3A-9482-5FDA-C9E263B13E13}.Release|Any CPU.Build.0 = Release|Any CPU
	EndGlobalSection
	GlobalSection(SolutionProperties) = preSolution
		HideSolutionNode = FALSE
	EndGlobalSection
	GlobalSection(NestedProjects) = preSolution
		{0FEFC3CE-5F7F-9549-B594-5C76A1B3CCA1} = {36D591C7-65C7-A0D1-1CBC-10CDE441BDC8}
		{BF234698-D7A1-B308-12FB-B42778905138} = {36D591C7-65C7-A0D1-1CBC-10CDE441BDC8}
		{6BCC5D4C-DCFD-F350-0302-6CEEC93FCB6D} = {36D591C7-65C7-A0D1-1CBC-10CDE441BDC8}
		{F8832160-6E8A-C1E0-17C8-08A5783EBD52} = {36D591C7-65C7-A0D1-1CBC-10CDE441BDC8}
		{FE24A48E-2CF7-48B1-8AA4-3E25BD1F12EC} = {754FC069-D67B-A9D7-50A1-8D1CA196D8F1}
		{76FE9AEC-9743-8C8B-F151-642772C855A8} = {36D591C7-65C7-A0D1-1CBC-10CDE441BDC8}
		{260B8A6C-8088-DD10-DF70-7A0F3CBBDE6D} = {36D591C7-65C7-A0D1-1CBC-10CDE441BDC8}
		{ABBF5462-2DD9-6EEA-3B9D-410A1D8734E1} = {0C2A5C47-C95B-4183-A270-2D4A1ADAA9B1}
		{2D36E41A-7F3A-9482-5FDA-C9E263B13E13} = {0C2A5C47-C95B-4183-A270-2D4A1ADAA9B1}
	EndGlobalSection
	GlobalSection(ExtensibilityGlobals) = postSolution
		SolutionGuid = {8D4D03E6-2065-4C59-B0DD-53BF4EA5FA37}
	EndGlobalSection
EndGlobal
